[[package]]
name = "coverage"
version = "6.0"
description = "Code coverage measurement for Python"
category = "dev"
optional = false
python-versions = ">=3.6"

[package.extras]
toml = ["tomli"]

[metadata]
lock-version = "1.1"
python-versions = "^3.6"
content-hash = "d86f42a91854f5d33f1c24c2eab7481bcb70f82cbaeebfa12f72a196fcbd2ea6"

[metadata.files]
coverage = [
    {file = "coverage-6.0-cp310-cp310-macosx_10_14_x86_64.whl", hash = "sha256:3dfb23cc180b674a11a559183dff9655beb9da03088f3fe3c4f3a6d200c86f05"},
    {file = "coverage-6.0-cp310-cp310-macosx_10_9_x86_64.whl", hash = "sha256:b5dd5ae0a9cd55d71f1335c331e9625382239b8cede818fb62d8d2702336dbf8"},
    {file = "coverage-6.0-cp310-cp310-manylinux_2_17_aarch64.manylinux2014_aarch64.whl", hash = "sha256:8426fec5ad5a6e8217921716b504e9b6e1166dc147e8443b4855e329db686282"},
    {file = "coverage-6.0-cp310-cp310-manylinux_2_5_i686.manylinux1_i686.manylinux_2_12_i686.manylinux2010_i686.whl", hash = "sha256:aa5d4d43fa18cc9d0c6e02a83de0b9729b5451a9066574bd276481474f0a53ab"},
    {file = "coverage-6.0-cp310-cp310-manylinux_2_5_x86_64.manylinux1_x86_64.manylinux_2_12_x86_64.manylinux2010_x86_64.whl", hash = "sha256:b78dd3eeb8f5ff26d2113c41836bac04a9ea91be54c346826b54a373133c8c53"},
    {file = "coverage-6.0-cp310-cp310-manylinux_2_5_x86_64.manylinux1_x86_64.whl", hash = "sha256:581fddd2f883379bd5af51da9233e0396b6519f3d3eeae4fb88867473be6d56e"},
    {file = "coverage-6.0-cp310-cp310-win32.whl", hash = "sha256:43bada49697a62ffa0283c7f01bbc76aac562c37d4bb6c45d56dd008d841194e"},
    {file = "coverage-6.0-cp310-cp310-win_amd64.whl", hash = "sha256:fa816e97cfe1f691423078dffa39a18106c176f28008db017b3ce3e947c34aa5"},
    {file = "coverage-6.0-cp36-cp36m-macosx_10_9_x86_64.whl", hash = "sha256:5c191e01b23e760338f19d8ba2470c0dad44c8b45e41ac043b2db84efc62f695"},
    {file = "coverage-6.0-cp36-cp36m-manylinux_2_17_aarch64.manylinux2014_aarch64.whl", hash = "sha256:274a612f67f931307706b60700f1e4cf80e1d79dff6c282fc9301e4565e78724"},
    {file = "coverage-6.0-cp36-cp36m-manylinux_2_5_i686.manylinux1_i686.manylinux_2_12_i686.manylinux2010_i686.whl", hash = "sha256:a9dbfcbc56d8de5580483cf2caff6a59c64d3e88836cbe5fb5c20c05c29a8808"},
    {file = "coverage-6.0-cp36-cp36m-manylinux_2_5_x86_64.manylinux1_x86_64.manylinux_2_12_x86_64.manylinux2010_x86_64.whl", hash = "sha256:e63490e8a6675cee7a71393ee074586f7eeaf0e9341afd006c5d6f7eec7c16d7"},
    {file = "coverage-6.0-cp36-cp36m-win32.whl", hash = "sha256:72f8c99f1527c5a8ee77c890ea810e26b39fd0b4c2dffc062e20a05b2cca60ef"},
    {file = "coverage-6.0-cp36-cp36m-win_amd64.whl", hash = "sha256:88f1810eb942e7063d051d87aaaa113eb5fd5a7fd2cda03a972de57695b8bb1a"},
    {file = "coverage-6.0-cp37-cp37m-macosx_10_9_x86_64.whl", hash = "sha256:befb5ffa9faabef6dadc42622c73de168001425258f0b7e402a2934574e7a04b"},
    {file = "coverage-6.0-cp37-cp37m-manylinux_2_17_aarch64.manylinux2014_aarch64.whl", hash = "sha256:7dbda34e8e26bd86606ba8a9c13ccb114802e01758a3d0a75652ffc59a573220"},
    {file = "coverage-6.0-cp37-cp37m-manylinux_2_5_i686.manylinux1_i686.manylinux_2_12_i686.manylinux2010_i686.whl", hash = "sha256:b4ee5815c776dfa3958ba71c7cd4cdd8eb40d79358a18352feb19562fe4408c4"},
    {file = "coverage-6.0-cp37-cp37m-manylinux_2_5_x86_64.manylinux1_x86_64.manylinux_2_12_x86_64.manylinux2010_x86_64.whl", hash = "sha256:d82cbef1220703ce56822be7fbddb40736fc1a928ac893472df8aff7421ae0aa"},
    {file = "coverage-6.0-cp37-cp37m-win32.whl", hash = "sha256:d795a2c92fe8cb31f6e9cd627ee4f39b64eb66bf47d89d8fcf7cb3d17031c887"},
    {file = "coverage-6.0-cp37-cp37m-win_amd64.whl", hash = "sha256:6e216e4021c934246c308fd3e0d739d9fa8a3f4ea414f584ab90ef9c1592f282"},
    {file = "coverage-6.0-cp38-cp38-macosx_10_9_x86_64.whl", hash = "sha256:8305e14112efb74d0b5fec4df6e41cafde615c2392a7e51c84013cafe945842c"},
    {file = "coverage-6.0-cp38-cp38-manylinux_2_17_aarch64.manylinux2014_aarch64.whl", hash = "sha256:4865dc4a7a566147cbdc2b2f033a6cccc99a7dcc89995137765c384f6c73110b"},
    {file = "coverage-6.0-cp38-cp38-manylinux_2_5_i686.manylinux1_i686.manylinux_2_12_i686.manylinux2010_i686.whl", hash = "sha256:25df2bc53a954ba2ccf230fa274d1de341f6aa633d857d75e5731365f7181749"},
    {file = "coverage-6.0-cp38-cp38-manylinux_2_5_x86_64.manylinux1_x86_64.manylinux_2_12_x86_64.manylinux2010_x86_64.whl", hash = "sha256:08fd55d2e00dac4c18a2fa26281076035ec86e764acdc198b9185ce749ada58f"},
    {file = "coverage-6.0-cp38-cp38-win32.whl", hash = "sha256:11ce082eb0f7c2bbfe96f6c8bcc3a339daac57de4dc0f3186069ec5c58da911c"},
    {file = "coverage-6.0-cp38-cp38-win_amd64.whl", hash = "sha256:7844a8c6a0fee401edbf578713c2473e020759267c40261b294036f9d3eb6a2d"},
    {file = "coverage-6.0-cp39-cp39-macosx_10_9_x86_64.whl", hash = "sha256:bea681309bdd88dd1283a8ba834632c43da376d9bce05820826090aad80c0126"},
    {file = "coverage-6.0-cp39-cp39-manylinux_2_17_aarch64.manylinux2014_aarch64.whl", hash = "sha256:e735ab8547d8a1fe8e58dd765d6f27ac539b395f52160d767b7189f379f9be7a"},
    {file = "coverage-6.0-cp39-cp39-manylinux_2_5_i686.manylinux1_i686.manylinux_2_12_i686.manylinux2010_i686.whl", hash = "sha256:7593a49300489d064ebb6c58539f52cbbc4a2e6a4385de5e92cae1563f88a425"},
    {file = "coverage-6.0-cp39-cp39-manylinux_2_5_x86_64.manylinux1_x86_64.manylinux_2_12_x86_64.manylinux2010_x86_64.whl", hash = "sha256:adb0f4c3c8ba8104378518a1954cbf3d891a22c13fd0e0bf135391835f44f288"},
    {file = "coverage-6.0-cp39-cp39-win32.whl", hash = "sha256:8da0c4a26a831b392deaba5fdd0cd7838d173b47ce2ec3d0f37be630cb09ef6e"},
    {file = "coverage-6.0-cp39-cp39-win_amd64.whl", hash = "sha256:7af2f8e7bb54ace984de790e897f858e88068d8fbc46c9490b7c19c59cf51822"},
    {file = "coverage-6.0-pp36-none-any.whl", hash = "sha256:82b58d37c47d93a171be9b5744bcc96a0012cbf53d5622b29a49e6be2097edd7"},
    {file = "coverage-6.0-pp37-none-any.whl", hash = "sha256:fff04bfefb879edcf616f1ce5ea6f4a693b5976bdc5e163f8464f349c25b59f0"},
    {file = "coverage-6.0.tar.gz", hash = "sha256:17983f6ccc47f4864fd16d20ff677782b23d1207bf222d10e4d676e4636b0872"},
]
